
Microsoft Visual Studio Solution File, Format Version 12.00
# Visual Studio 2013
VisualStudioVersion = 12.0.30723.0
MinimumVisualStudioVersion = 10.0.40219.1
Project("{FAE04EC0-301F-11D3-BF4B-00C04F79EFBC}") = "CSharpLoops", "CSharpLoops\CSharpLoops.csproj", "{0615F952-0D0F-46B0-A0B3-F28871875CC8}"
EndProject
Project("{8BC9CEB8-8B4A-11D0-8D11-00A0C91BC942}") = "CppLoops", "CppLoops\CppLoops.vcxproj", "{8B1E8915-9059-4A03-9B81-B25BE0267480}"
EndProject
Project("{2150E333-8FDC-42A3-9474-1A3956D46DE8}") = "ModernCppHubApp", "ModernCppHubApp", "{3FC79575-7790-48C1-82C4-AC8005EAF351}"
EndProject
Project("{8BC9CEB8-8B4A-11D0-8D11-00A0C91BC942}") = "ModernCppHubApp.Shared", "ModernCppHubApp\ModernCppHubApp.Shared\ModernCppHubApp.Shared.vcxitems", "{9894804A-1788-44C8-9FDB-CB717A4C3107}"
EndProject
Project("{8BC9CEB8-8B4A-11D0-8D11-00A0C91BC942}") = "ModernCppHubApp.Windows", "ModernCppHubApp\ModernCppHubApp.Windows\ModernCppHubApp.Windows.vcxproj", "{F38CB6A5-F446-4540-A2EF-7F6995746049}"
EndProject
Project("{8BC9CEB8-8B4A-11D0-8D11-00A0C91BC942}") = "ModernCppHubApp.WindowsPhone", "ModernCppHubApp\ModernCppHubApp.WindowsPhone\ModernCppHubApp.WindowsPhone.vcxproj", "{E60FDA09-3778-49DE-9790-3FDC4AA253A4}"
EndProject
Global
	GlobalSection(SharedMSBuildProjectFiles) = preSolution
		ModernCppHubApp\ModernCppHubApp.Shared\ModernCppHubApp.Shared.vcxitems*{e60fda09-3778-49de-9790-3fdc4aa253a4}*SharedItemsImports = 4
		ModernCppHubApp\ModernCppHubApp.Shared\ModernCppHubApp.Shared.vcxitems*{9894804a-1788-44c8-9fdb-cb717a4c3107}*SharedItemsImports = 9
		ModernCppHubApp\ModernCppHubApp.Shared\ModernCppHubApp.Shared.vcxitems*{f38cb6a5-f446-4540-a2ef-7f6995746049}*SharedItemsImports = 4
	EndGlobalSection
	GlobalSection(SolutionConfigurationPlatforms) = preSolution
		Debug|ARM = Debug|ARM
		Debug|Mixed Platforms = Debug|Mixed Platforms
		Debug|x64 = Debug|x64
		Debug|x86 = Debug|x86
		Release|ARM = Release|ARM
		Release|Mixed Platforms = Release|Mixed Platforms
		Release|x64 = Release|x64
		Release|x86 = Release|x86
	EndGlobalSection
	GlobalSection(ProjectConfigurationPlatforms) = postSolution
		{0615F952-0D0F-46B0-A0B3-F28871875CC8}.Debug|ARM.ActiveCfg = Debug|Any CPU
		{0615F952-0D0F-46B0-A0B3-F28871875CC8}.Debug|Mixed Platforms.ActiveCfg = Debug|Any CPU
		{0615F952-0D0F-46B0-A0B3-F28871875CC8}.Debug|Mixed Platforms.Build.0 = Debug|Any CPU
		{0615F952-0D0F-46B0-A0B3-F28871875CC8}.Debug|x64.ActiveCfg = Debug|x64
		{0615F952-0D0F-46B0-A0B3-F28871875CC8}.Debug|x64.Build.0 = Debug|x64
		{0615F952-0D0F-46B0-A0B3-F28871875CC8}.Debug|x86.ActiveCfg = Debug|Any CPU
		{0615F952-0D0F-46B0-A0B3-F28871875CC8}.Release|ARM.ActiveCfg = Release|Any CPU
		{0615F952-0D0F-46B0-A0B3-F28871875CC8}.Release|Mixed Platforms.ActiveCfg = Release|Any CPU
		{0615F952-0D0F-46B0-A0B3-F28871875CC8}.Release|Mixed Platforms.Build.0 = Release|Any CPU
		{0615F952-0D0F-46B0-A0B3-F28871875CC8}.Release|x64.ActiveCfg = Release|x64
		{0615F952-0D0F-46B0-A0B3-F28871875CC8}.Release|x64.Build.0 = Release|x64
		{0615F952-0D0F-46B0-A0B3-F28871875CC8}.Release|x86.ActiveCfg = Release|Any CPU
		{8B1E8915-9059-4A03-9B81-B25BE0267480}.Debug|ARM.ActiveCfg = Debug|Win32
		{8B1E8915-9059-4A03-9B81-B25BE0267480}.Debug|Mixed Platforms.ActiveCfg = Debug|Win32
		{8B1E8915-9059-4A03-9B81-B25BE0267480}.Debug|Mixed Platforms.Build.0 = Debug|Win32
		{8B1E8915-9059-4A03-9B81-B25BE0267480}.Debug|x64.ActiveCfg = Debug|x64
		{8B1E8915-9059-4A03-9B81-B25BE0267480}.Debug|x64.Build.0 = Debug|x64
		{8B1E8915-9059-4A03-9B81-B25BE0267480}.Debug|x86.ActiveCfg = Debug|Win32
		{8B1E8915-9059-4A03-9B81-B25BE0267480}.Debug|x86.Build.0 = Debug|Win32
		{8B1E8915-9059-4A03-9B81-B25BE0267480}.Release|ARM.ActiveCfg = Release|Win32
		{8B1E8915-9059-4A03-9B81-B25BE0267480}.Release|Mixed Platforms.ActiveCfg = Release|x64
		{8B1E8915-9059-4A03-9B81-B25BE0267480}.Release|Mixed Platforms.Build.0 = Release|x64
		{8B1E8915-9059-4A03-9B81-B25BE0267480}.Release|x64.ActiveCfg = Release|x64
		{8B1E8915-9059-4A03-9B81-B25BE0267480}.Release|x64.Build.0 = Release|x64
		{8B1E8915-9059-4A03-9B81-B25BE0267480}.Release|x86.ActiveCfg = Release|Win32
		{8B1E8915-9059-4A03-9B81-B25BE0267480}.Release|x86.Build.0 = Release|Win32
		{F38CB6A5-F446-4540-A2EF-7F6995746049}.Debug|ARM.ActiveCfg = Debug|ARM
		{F38CB6A5-F446-4540-A2EF-7F6995746049}.Debug|ARM.Build.0 = Debug|ARM
		{F38CB6A5-F446-4540-A2EF-7F6995746049}.Debug|ARM.Deploy.0 = Debug|ARM
		{F38CB6A5-F446-4540-A2EF-7F6995746049}.Debug|Mixed Platforms.ActiveCfg = Debug|Win32
		{F38CB6A5-F446-4540-A2EF-7F6995746049}.Debug|Mixed Platforms.Build.0 = Debug|Win32
		{F38CB6A5-F446-4540-A2EF-7F6995746049}.Debug|Mixed Platforms.Deploy.0 = Debug|Win32
		{F38CB6A5-F446-4540-A2EF-7F6995746049}.Debug|x64.ActiveCfg = Debug|x64
		{F38CB6A5-F446-4540-A2EF-7F6995746049}.Debug|x64.Build.0 = Debug|x64
		{F38CB6A5-F446-4540-A2EF-7F6995746049}.Debug|x64.Deploy.0 = Debug|x64
		{F38CB6A5-F446-4540-A2EF-7F6995746049}.Debug|x86.ActiveCfg = Debug|Win32
		{F38CB6A5-F446-4540-A2EF-7F6995746049}.Debug|x86.Build.0 = Debug|Win32
		{F38CB6A5-F446-4540-A2EF-7F6995746049}.Debug|x86.Deploy.0 = Debug|Win32
		{F38CB6A5-F446-4540-A2EF-7F6995746049}.Release|ARM.ActiveCfg = Release|ARM
		{F38CB6A5-F446-4540-A2EF-7F6995746049}.Release|ARM.Build.0 = Release|ARM
		{F38CB6A5-F446-4540-A2EF-7F6995746049}.Release|ARM.Deploy.0 = Release|ARM
		{F38CB6A5-F446-4540-A2EF-7F6995746049}.Release|Mixed Platforms.ActiveCfg = Release|x64
		{F38CB6A5-F446-4540-A2EF-7F6995746049}.Release|Mixed Platforms.Build.0 = Release|x64
		{F38CB6A5-F446-4540-A2EF-7F6995746049}.Release|Mixed Platforms.Deploy.0 = Release|x64
		{F38CB6A5-F446-4540-A2EF-7F6995746049}.Release|x64.ActiveCfg = Release|x64
		{F38CB6A5-F446-4540-A2EF-7F6995746049}.Release|x64.Build.0 = Release|x64
		{F38CB6A5-F446-4540-A2EF-7F6995746049}.Release|x64.Deploy.0 = Release|x64
		{F38CB6A5-F446-4540-A2EF-7F6995746049}.Release|x86.ActiveCfg = Release|Win32
		{F38CB6A5-F446-4540-A2EF-7F6995746049}.Release|x86.Build.0 = Release|Win32
		{F38CB6A5-F446-4540-A2EF-7F6995746049}.Release|x86.Deploy.0 = Release|Win32
		{E60FDA09-3778-49DE-9790-3FDC4AA253A4}.Debug|ARM.ActiveCfg = Debug|ARM
		{E60FDA09-3778-49DE-9790-3FDC4AA253A4}.Debug|ARM.Build.0 = Debug|ARM
		{E60FDA09-3778-49DE-9790-3FDC4AA253A4}.Debug|ARM.Deploy.0 = Debug|ARM
		{E60FDA09-3778-49DE-9790-3FDC4AA253A4}.Debug|Mixed Platforms.ActiveCfg = Debug|Win32
		{E60FDA09-3778-49DE-9790-3FDC4AA253A4}.Debug|Mixed Platforms.Build.0 = Debug|Win32
		{E60FDA09-3778-49DE-9790-3FDC4AA253A4}.Debug|Mixed Platforms.Deploy.0 = Debug|Win32
		{E60FDA09-3778-49DE-9790-3FDC4AA253A4}.Debug|x64.ActiveCfg = Debug|Win32
		{E60FDA09-3778-49DE-9790-3FDC4AA253A4}.Debug|x86.ActiveCfg = Debug|Win32
		{E60FDA09-3778-49DE-9790-3FDC4AA253A4}.Debug|x86.Build.0 = Debug|Win32
		{E60FDA09-3778-49DE-9790-3FDC4AA253A4}.Debug|x86.Deploy.0 = Debug|Win32
		{E60FDA09-3778-49DE-9790-3FDC4AA253A4}.Release|ARM.ActiveCfg = Release|ARM
		{E60FDA09-3778-49DE-9790-3FDC4AA253A4}.Release|ARM.Build.0 = Release|ARM
		{E60FDA09-3778-49DE-9790-3FDC4AA253A4}.Release|ARM.Deploy.0 = Release|ARM
		{E60FDA09-3778-49DE-9790-3FDC4AA253A4}.Release|Mixed Platforms.ActiveCfg = Release|ARM
		{E60FDA09-3778-49DE-9790-3FDC4AA253A4}.Release|Mixed Platforms.Build.0 = Release|ARM
		{E60FDA09-3778-49DE-9790-3FDC4AA253A4}.Release|Mixed Platforms.Deploy.0 = Release|ARM
		{E60FDA09-3778-49DE-9790-3FDC4AA253A4}.Release|x64.ActiveCfg = Release|Win32
		{E60FDA09-3778-49DE-9790-3FDC4AA253A4}.Release|x86.ActiveCfg = Release|Win32
		{E60FDA09-3778-49DE-9790-3FDC4AA253A4}.Release|x86.Build.0 = Release|Win32
		{E60FDA09-3778-49DE-9790-3FDC4AA253A4}.Release|x86.Deploy.0 = Release|Win32
	EndGlobalSection
	GlobalSection(SolutionProperties) = preSolution
		HideSolutionNode = FALSE
	EndGlobalSection
	GlobalSection(NestedProjects) = preSolution
		{9894804A-1788-44C8-9FDB-CB717A4C3107} = {3FC79575-7790-48C1-82C4-AC8005EAF351}
		{F38CB6A5-F446-4540-A2EF-7F6995746049} = {3FC79575-7790-48C1-82C4-AC8005EAF351}
		{E60FDA09-3778-49DE-9790-3FDC4AA253A4} = {3FC79575-7790-48C1-82C4-AC8005EAF351}
	EndGlobalSection
EndGlobal
